
Microsoft Visual Studio Solution File, Format Version 12.00
# Visual Studio Version 16
VisualStudioVersion = 16.0.30406.217
MinimumVisualStudioVersion = 10.0.40219.1
Project("{9A19103F-16F7-4668-BE54-9A1E7A4F7556}") = "wasmsdl", "wasmsdl.csproj", "{91701119-1AA8-4CB8-AB61-B4999969FC5C}"
EndProject
Project("{9A19103F-16F7-4668-BE54-9A1E7A4F7556}") = "SkiaFire", "SkiaFire\SkiaFire.csproj", "{A504F0E8-BAE1-4CE3-9FA3-1105FB609A4A}"
EndProject
Project("{FAE04EC0-301F-11D3-BF4B-00C04F79EFBC}") = "SkiaFireWpf", "SkiaFireWpf\SkiaFireWpf.csproj", "{5FE7A9BC-4F46-482C-A01A-A444606E7360}"
EndProject
Global
	GlobalSection(SolutionConfigurationPlatforms) = preSolution
		Debug|Any CPU = Debug|Any CPU
		Release|Any CPU = Release|Any CPU
	EndGlobalSection
	GlobalSection(ProjectConfigurationPlatforms) = postSolution
		{91701119-1AA8-4CB8-AB61-B4999969FC5C}.Debug|Any CPU.ActiveCfg = Debug|Any CPU
		{91701119-1AA8-4CB8-AB61-B4999969FC5C}.Debug|Any CPU.Build.0 = Debug|Any CPU
		{91701119-1AA8-4CB8-AB61-B4999969FC5C}.Release|Any CPU.ActiveCfg = Release|Any CPU
		{91701119-1AA8-4CB8-AB61-B4999969FC5C}.Release|Any CPU.Build.0 = Release|Any CPU
		{A504F0E8-BAE1-4CE3-9FA3-1105FB609A4A}.Debug|Any CPU.ActiveCfg = Debug|Any CPU
		{A504F0E8-BAE1-4CE3-9FA3-1105FB609A4A}.Debug|Any CPU.Build.0 = Debug|Any CPU
		{A504F0E8-BAE1-4CE3-9FA3-1105FB609A4A}.Release|Any CPU.ActiveCfg = Release|Any CPU
		{A504F0E8-BAE1-4CE3-9FA3-1105FB609A4A}.Release|Any CPU.Build.0 = Release|Any CPU
		{5FE7A9BC-4F46-482C-A01A-A444606E7360}.Debug|Any CPU.ActiveCfg = Debug|Any CPU
		{5FE7A9BC-4F46-482C-A01A-A444606E7360}.Debug|Any CPU.Build.0 = Debug|Any CPU
		{5FE7A9BC-4F46-482C-A01A-A444606E7360}.Release|Any CPU.ActiveCfg = Release|Any CPU
		{5FE7A9BC-4F46-482C-A01A-A444606E7360}.Release|Any CPU.Build.0 = Release|Any CPU
	EndGlobalSection
	GlobalSection(SolutionProperties) = preSolution
		HideSolutionNode = FALSE
	EndGlobalSection
	GlobalSection(ExtensibilityGlobals) = postSolution
		SolutionGuid = {4AA20099-3E78-42BB-B0DB-48C6CEF791BC}
	EndGlobalSection
EndGlobal
